// !$*UTF8*$!
{
	archiveVersion = 1;
	classes = {
	};
	objectVersion = 46;
	objects = {

/* Begin PBXBuildFile section */
		A39153071AF12DE100965127 /* RecordedAudio.swift in Sources */ = {isa = PBXBuildFile; fileRef = A39153061AF12DE100965127 /* RecordedAudio.swift */; };
		A3D8E2261AEFF2D500E65159 /* AppDelegate.swift in Sources */ = {isa = PBXBuildFile; fileRef = A3D8E2251AEFF2D500E65159 /* AppDelegate.swift */; };
		A3D8E2281AEFF2D500E65159 /* RecordSoundsViewController.swift in Sources */ = {isa = PBXBuildFile; fileRef = A3D8E2271AEFF2D500E65159 /* RecordSoundsViewController.swift */; };
		A3D8E22B1AEFF2D500E65159 /* Main.storyboard in Resources */ = {isa = PBXBuildFile; fileRef = A3D8E2291AEFF2D500E65159 /* Main.storyboard */; };
		A3D8E22D1AEFF2D500E65159 /* Images.xcassets in Resources */ = {isa = PBXBuildFile; fileRef = A3D8E22C1AEFF2D500E65159 /* Images.xcassets */; };
		A3D8E2301AEFF2D500E65159 /* LaunchScreen.xib in Resources */ = {isa = PBXBuildFile; fileRef = A3D8E22E1AEFF2D500E65159 /* LaunchScreen.xib */; };
		A3D8E23C1AEFF2D500E65159 /* Pitch_Perfect_v2Tests.swift in Sources */ = {isa = PBXBuildFile; fileRef = A3D8E23B1AEFF2D500E65159 /* Pitch_Perfect_v2Tests.swift */; };
		A3D8E2461AF0004A00E65159 /* PlaySoundsViewController.swift in Sources */ = {isa = PBXBuildFile; fileRef = A3D8E2451AF0004A00E65159 /* PlaySoundsViewController.swift */; };
		A3D8E2481AF005FF00E65159 /* movie_quote.mp3 in Resources */ = {isa = PBXBuildFile; fileRef = A3D8E2471AF005FF00E65159 /* movie_quote.mp3 */; };
/* End PBXBuildFile section */

/* Begin PBXContainerItemProxy section */
		A3D8E2361AEFF2D500E65159 /* PBXContainerItemProxy */ = {
			isa = PBXContainerItemProxy;
			containerPortal = A3D8E2181AEFF2D500E65159 /* Project object */;
			proxyType = 1;
			remoteGlobalIDString = A3D8E21F1AEFF2D500E65159;
			remoteInfo = "Pitch Perfect v2";
		};
/* End PBXContainerItemProxy section */

/* Begin PBXFileReference section */
		A39153061AF12DE100965127 /* RecordedAudio.swift */ = {isa = PBXFileReference; fileEncoding = 4; lastKnownFileType = sourcecode.swift; path = RecordedAudio.swift; sourceTree = "<group>"; };
		A3D8E2201AEFF2D500E65159 /* Pitch Perfect v2.app */ = {isa = PBXFileReference; explicitFileType = wrapper.application; includeInIndex = 0; path = "Pitch Perfect v2.app"; sourceTree = BUILT_PRODUCTS_DIR; };
		A3D8E2241AEFF2D500E65159 /* Info.plist */ = {isa = PBXFileReference; lastKnownFileType = text.plist.xml; path = Info.plist; sourceTree = "<group>"; };
		A3D8E2251AEFF2D500E65159 /* AppDelegate.swift */ = {isa = PBXFileReference; lastKnownFileType = sourcecode.swift; path = AppDelegate.swift; sourceTree = "<group>"; };
		A3D8E2271AEFF2D500E65159 /* RecordSoundsViewController.swift */ = {isa = PBXFileReference; lastKnownFileType = sourcecode.swift; path = RecordSoundsViewController.swift; sourceTree = "<group>"; };
		A3D8E22A1AEFF2D500E65159 /* Base */ = {isa = PBXFileReference; lastKnownFileType = file.storyboard; name = Base; path = Base.lproj/Main.storyboard; sourceTree = "<group>"; };
		A3D8E22C1AEFF2D500E65159 /* Images.xcassets */ = {isa = PBXFileReference; lastKnownFileType = folder.assetcatalog; path = Images.xcassets; sourceTree = "<group>"; };
		A3D8E22F1AEFF2D500E65159 /* Base */ = {isa = PBXFileReference; lastKnownFileType = file.xib; name = Base; path = Base.lproj/LaunchScreen.xib; sourceTree = "<group>"; };
		A3D8E2351AEFF2D500E65159 /* Pitch Perfect v2Tests.xctest */ = {isa = PBXFileReference; explicitFileType = wrapper.cfbundle; includeInIndex = 0; path = "Pitch Perfect v2Tests.xctest"; sourceTree = BUILT_PRODUCTS_DIR; };
		A3D8E23A1AEFF2D500E65159 /* Info.plist */ = {isa = PBXFileReference; lastKnownFileType = text.plist.xml; path = Info.plist; sourceTree = "<group>"; };
		A3D8E23B1AEFF2D500E65159 /* Pitch_Perfect_v2Tests.swift */ = {isa = PBXFileReference; lastKnownFileType = sourcecode.swift; path = Pitch_Perfect_v2Tests.swift; sourceTree = "<group>"; };
		A3D8E2451AF0004A00E65159 /* PlaySoundsViewController.swift */ = {isa = PBXFileReference; fileEncoding = 4; lastKnownFileType = sourcecode.swift; name = PlaySoundsViewController.swift; path = ../PlaySoundsViewController.swift; sourceTree = "<group>"; };
		A3D8E2471AF005FF00E65159 /* movie_quote.mp3 */ = {isa = PBXFileReference; lastKnownFileType = audio.mp3; path = movie_quote.mp3; sourceTree = "<group>"; };
/* End PBXFileReference section */

/* Begin PBXFrameworksBuildPhase section */
		A3D8E21D1AEFF2D500E65159 /* Frameworks */ = {
			isa = PBXFrameworksBuildPhase;
			buildActionMask = 2147483647;
			files = (
			);
			runOnlyForDeploymentPostprocessing = 0;
		};
		A3D8E2321AEFF2D500E65159 /* Frameworks */ = {
			isa = PBXFrameworksBuildPhase;
			buildActionMask = 2147483647;
			files = (
			);
			runOnlyForDeploymentPostprocessing = 0;
		};
/* End PBXFrameworksBuildPhase section */

/* Begin PBXGroup section */
		A3D8E2171AEFF2D500E65159 = {
			isa = PBXGroup;
			children = (
				A3D8E2221AEFF2D500E65159 /* Pitch Perfect v2 */,
				A3D8E2381AEFF2D500E65159 /* Pitch Perfect v2Tests */,
				A3D8E2211AEFF2D500E65159 /* Products */,
			);
			sourceTree = "<group>";
		};
		A3D8E2211AEFF2D500E65159 /* Products */ = {
			isa = PBXGroup;
			children = (
				A3D8E2201AEFF2D500E65159 /* Pitch Perfect v2.app */,
				A3D8E2351AEFF2D500E65159 /* Pitch Perfect v2Tests.xctest */,
			);
			name = Products;
			sourceTree = "<group>";
		};
		A3D8E2221AEFF2D500E65159 /* Pitch Perfect v2 */ = {
			isa = PBXGroup;
			children = (
				A3D8E2251AEFF2D500E65159 /* AppDelegate.swift */,
				A3D8E2451AF0004A00E65159 /* PlaySoundsViewController.swift */,
				A3D8E2271AEFF2D500E65159 /* RecordSoundsViewController.swift */,
				A39153061AF12DE100965127 /* RecordedAudio.swift */,
				A3D8E2291AEFF2D500E65159 /* Main.storyboard */,
				A3D8E22C1AEFF2D500E65159 /* Images.xcassets */,
				A3D8E22E1AEFF2D500E65159 /* LaunchScreen.xib */,
				A3D8E2231AEFF2D500E65159 /* Supporting Files */,
			);
			path = "Pitch Perfect v2";
			sourceTree = "<group>";
		};
		A3D8E2231AEFF2D500E65159 /* Supporting Files */ = {
			isa = PBXGroup;
			children = (
				A3D8E2471AF005FF00E65159 /* movie_quote.mp3 */,
				A3D8E2241AEFF2D500E65159 /* Info.plist */,
			);
			name = "Supporting Files";
			sourceTree = "<group>";
		};
		A3D8E2381AEFF2D500E65159 /* Pitch Perfect v2Tests */ = {
			isa = PBXGroup;
			children = (
				A3D8E23B1AEFF2D500E65159 /* Pitch_Perfect_v2Tests.swift */,
				A3D8E2391AEFF2D500E65159 /* Supporting Files */,
			);
			path = "Pitch Perfect v2Tests";
			sourceTree = "<group>";
		};
		A3D8E2391AEFF2D500E65159 /* Supporting Files */ = {
			isa = PBXGroup;
			children = (
				A3D8E23A1AEFF2D500E65159 /* Info.plist */,
			);
			name = "Supporting Files";
			sourceTree = "<group>";
		};
/* End PBXGroup section */

/* Begin PBXNativeTarget section */
		A3D8E21F1AEFF2D500E65159 /* Pitch Perfect v2 */ = {
			isa = PBXNativeTarget;
			buildConfigurationList = A3D8E23F1AEFF2D500E65159 /* Build configuration list for PBXNativeTarget "Pitch Perfect v2" */;
			buildPhases = (
				A3D8E21C1AEFF2D500E65159 /* Sources */,
				A3D8E21D1AEFF2D500E65159 /* Frameworks */,
				A3D8E21E1AEFF2D500E65159 /* Resources */,
			);
			buildRules = (
			);
			dependencies = (
			);
			name = "Pitch Perfect v2";
			productName = "Pitch Perfect v2";
			productReference = A3D8E2201AEFF2D500E65159 /* Pitch Perfect v2.app */;
			productType = "com.apple.product-type.application";
		};
		A3D8E2341AEFF2D500E65159 /* Pitch Perfect v2Tests */ = {
			isa = PBXNativeTarget;
			buildConfigurationList = A3D8E2421AEFF2D500E65159 /* Build configuration list for PBXNativeTarget "Pitch Perfect v2Tests" */;
			buildPhases = (
				A3D8E2311AEFF2D500E65159 /* Sources */,
				A3D8E2321AEFF2D500E65159 /* Frameworks */,
				A3D8E2331AEFF2D500E65159 /* Resources */,
			);
			buildRules = (
			);
			dependencies = (
				A3D8E2371AEFF2D500E65159 /* PBXTargetDependency */,
			);
			name = "Pitch Perfect v2Tests";
			productName = "Pitch Perfect v2Tests";
			productReference = A3D8E2351AEFF2D500E65159 /* Pitch Perfect v2Tests.xctest */;
			productType = "com.apple.product-type.bundle.unit-test";
		};
/* End PBXNativeTarget section */

/* Begin PBXProject section */
		A3D8E2181AEFF2D500E65159 /* Project object */ = {
			isa = PBXProject;
			attributes = {
				LastUpgradeCheck = 0630;
				ORGANIZATIONNAME = "Diederik van Meenen";
				TargetAttributes = {
					A3D8E21F1AEFF2D500E65159 = {
						CreatedOnToolsVersion = 6.3.1;
					};
					A3D8E2341AEFF2D500E65159 = {
						CreatedOnToolsVersion = 6.3.1;
						TestTargetID = A3D8E21F1AEFF2D500E65159;
					};
				};
			};
			buildConfigurationList = A3D8E21B1AEFF2D500E65159 /* Build configuration list for PBXProject "Pitch Perfect v2" */;
			compatibilityVersion = "Xcode 3.2";
			developmentRegion = English;
			hasScannedForEncodings = 0;
			knownRegions = (
				en,
				Base,
			);
			mainGroup = A3D8E2171AEFF2D500E65159;
			productRefGroup = A3D8E2211AEFF2D500E65159 /* Products */;
			projectDirPath = "";
			projectRoot = "";
			targets = (
				A3D8E21F1AEFF2D500E65159 /* Pitch Perfect v2 */,
				A3D8E2341AEFF2D500E65159 /* Pitch Perfect v2Tests */,
			);
		};
/* End PBXProject section */

/* Begin PBXResourcesBuildPhase section */
		A3D8E21E1AEFF2D500E65159 /* Resources */ = {
			isa = PBXResourcesBuildPhase;
			buildActionMask = 2147483647;
			files = (
				A3D8E22B1AEFF2D500E65159 /* Main.storyboard in Resources */,
				A3D8E2301AEFF2D500E65159 /* LaunchScreen.xib in Resources */,
				A3D8E2481AF005FF00E65159 /* movie_quote.mp3 in Resources */,
				A3D8E22D1AEFF2D500E65159 /* Images.xcassets in Resources */,
			);
			runOnlyForDeploymentPostprocessing = 0;
		};
		A3D8E2331AEFF2D500E65159 /* Resources */ = {
			isa = PBXResourcesBuildPhase;
			buildActionMask = 2147483647;
			files = (
			);
			runOnlyForDeploymentPostprocessing = 0;
		};
/* End PBXResourcesBuildPhase section */

/* Begin PBXSourcesBuildPhase section */
		A3D8E21C1AEFF2D500E65159 /* Sources */ = {
			isa = PBXSourcesBuildPhase;
			buildActionMask = 2147483647;
			files = (
				A39153071AF12DE100965127 /* RecordedAudio.swift in Sources */,
				A3D8E2281AEFF2D500E65159 /* RecordSoundsViewController.swift in Sources */,
				A3D8E2461AF0004A00E65159 /* PlaySoundsViewController.swift in Sources */,
				A3D8E2261AEFF2D500E65159 /* AppDelegate.swift in Sources */,
			);
			runOnlyForDeploymentPostprocessing = 0;
		};
		A3D8E2311AEFF2D500E65159 /* Sources */ = {
			isa = PBXSourcesBuildPhase;
			buildActionMask = 2147483647;
			files = (
				A3D8E23C1AEFF2D500E65159 /* Pitch_Perfect_v2Tests.swift in Sources */,
			);
			runOnlyForDeploymentPostprocessing = 0;
		};
/* End PBXSourcesBuildPhase section */

/* Begin PBXTargetDependency section */
		A3D8E2371AEFF2D500E65159 /* PBXTargetDependency */ = {
			isa = PBXTargetDependency;
			target = A3D8E21F1AEFF2D500E65159 /* Pitch Perfect v2 */;
			targetProxy = A3D8E2361AEFF2D500E65159 /* PBXContainerItemProxy */;
		};
/* End PBXTargetDependency section */

/* Begin PBXVariantGroup section */
		A3D8E2291AEFF2D500E65159 /* Main.storyboard */ = {
			isa = PBXVariantGroup;
			children = (
				A3D8E22A1AEFF2D500E65159 /* Base */,
			);
			name = Main.storyboard;
			sourceTree = "<group>";
		};
		A3D8E22E1AEFF2D500E65159 /* LaunchScreen.xib */ = {
			isa = PBXVariantGroup;
			children = (
				A3D8E22F1AEFF2D500E65159 /* Base */,
			);
			name = LaunchScreen.xib;
			sourceTree = "<group>";
		};
/* End PBXVariantGroup section */

/* Begin XCBuildConfiguration section */
		A3D8E23D1AEFF2D500E65159 /* Debug */ = {
			isa = XCBuildConfiguration;
			buildSettings = {
				ALWAYS_SEARCH_USER_PATHS = NO;
				CLANG_CXX_LANGUAGE_STANDARD = "gnu++0x";
				CLANG_CXX_LIBRARY = "libc++";
				CLANG_ENABLE_MODULES = YES;
				CLANG_ENABLE_OBJC_ARC = YES;
				CLANG_WARN_BOOL_CONVERSION = YES;
				CLANG_WARN_CONSTANT_CONVERSION = YES;
				CLANG_WARN_DIRECT_OBJC_ISA_USAGE = YES_ERROR;
				CLANG_WARN_EMPTY_BODY = YES;
				CLANG_WARN_ENUM_CONVERSION = YES;
				CLANG_WARN_INT_CONVERSION = YES;
				CLANG_WARN_OBJC_ROOT_CLASS = YES_ERROR;
				CLANG_WARN_UNREACHABLE_CODE = YES;
				CLANG_WARN__DUPLICATE_METHOD_MATCH = YES;
				"CODE_SIGN_IDENTITY[sdk=iphoneos*]" = "iPhone Developer";
				COPY_PHASE_STRIP = NO;
				DEBUG_INFORMATION_FORMAT = "dwarf-with-dsym";
				ENABLE_STRICT_OBJC_MSGSEND = YES;
				GCC_C_LANGUAGE_STANDARD = gnu99;
				GCC_DYNAMIC_NO_PIC = NO;
				GCC_NO_COMMON_BLOCKS = YES;
				GCC_OPTIMIZATION_LEVEL = 0;
				GCC_PREPROCESSOR_DEFINITIONS = (
					"DEBUG=1",
					"$(inherited)",
				);
				GCC_SYMBOLS_PRIVATE_EXTERN = NO;
				GCC_WARN_64_TO_32_BIT_CONVERSION = YES;
				GCC_WARN_ABOUT_RETURN_TYPE = YES_ERROR;
				GCC_WARN_UNDECLARED_SELECTOR = YES;
				GCC_WARN_UNINITIALIZED_AUTOS = YES_AGGRESSIVE;
				GCC_WARN_UNUSED_FUNCTION = YES;
				GCC_WARN_UNUSED_VARIABLE = YES;
				IPHONEOS_DEPLOYMENT_TARGET = 8.3;
				MTL_ENABLE_DEBUG_INFO = YES;
				ONLY_ACTIVE_ARCH = YES;
				SDKROOT = iphoneos;
				SWIFT_OPTIMIZATION_LEVEL = "-Onone";
			};
			name = Debug;
		};
		A3D8E23E1AEFF2D500E65159 /* Release */ = {
			isa = XCBuildConfiguration;
			buildSettings = {
				ALWAYS_SEARCH_USER_PATHS = NO;
				CLANG_CXX_LANGUAGE_STANDARD = "gnu++0x";
				CLANG_CXX_LIBRARY = "libc++";
				CLANG_ENABLE_MODULES = YES;
				CLANG_ENABLE_OBJC_ARC = YES;
				CLANG_WARN_BOOL_CONVERSION = YES;
				CLANG_WARN_CONSTANT_CONVERSION = YES;
				CLANG_WARN_DIRECT_OBJC_ISA_USAGE = YES_ERROR;
				CLANG_WARN_EMPTY_BODY = YES;
				CLANG_WARN_ENUM_CONVERSION = YES;
				CLANG_WARN_INT_CONVERSION = YES;
				CLANG_WARN_OBJC_ROOT_CLASS = YES_ERROR;
				CLANG_WARN_UNREACHABLE_CODE = YES;
				CLANG_WARN__DUPLICATE_METHOD_MATCH = YES;
				"CODE_SIGN_IDENTITY[sdk=iphoneos*]" = "iPhone Developer";
				COPY_PHASE_STRIP = NO;
				DEBUG_INFORMATION_FORMAT = "dwarf-with-dsym";
				ENABLE_NS_ASSERTIONS = NO;
				ENABLE_STRICT_OBJC_MSGSEND = YES;
				GCC_C_LANGUAGE_STANDARD = gnu99;
				GCC_NO_COMMON_BLOCKS = YES;
				GCC_WARN_64_TO_32_BIT_CONVERSION = YES;
				GCC_WARN_ABOUT_RETURN_TYPE = YES_ERROR;
				GCC_WARN_UNDECLARED_SELECTOR = YES;
				GCC_WARN_UNINITIALIZED_AUTOS = YES_AGGRESSIVE;
				GCC_WARN_UNUSED_FUNCTION = YES;
				GCC_WARN_UNUSED_VARIABLE = YES;
				IPHONEOS_DEPLOYMENT_TARGET = 8.3;
				MTL_ENABLE_DEBUG_INFO = NO;
				SDKROOT = iphoneos;
				VALIDATE_PRODUCT = YES;
			};
			name = Release;
		};
		A3D8E2401AEFF2D500E65159 /* Debug */ = {
			isa = XCBuildConfiguration;
			buildSettings = {
				ASSETCATALOG_COMPILER_APPICON_NAME = AppIcon;
				INFOPLIST_FILE = "Pitch Perfect v2/Info.plist";
				LD_RUNPATH_SEARCH_PATHS = "$(inherited) @executable_path/Frameworks";
				PRODUCT_NAME = "$(TARGET_NAME)";
			};
			name = Debug;
		};
		A3D8E2411AEFF2D500E65159 /* Release */ = {
			isa = XCBuildConfiguration;
			buildSettings = {
				ASSETCATALOG_COMPILER_APPICON_NAME = AppIcon;
				INFOPLIST_FILE = "Pitch Perfect v2/Info.plist";
				LD_RUNPATH_SEARCH_PATHS = "$(inherited) @executable_path/Frameworks";
				PRODUCT_NAME = "$(TARGET_NAME)";
			};
			name = Release;
		};
		A3D8E2431AEFF2D500E65159 /* Debug */ = {
			isa = XCBuildConfiguration;
			buildSettings = {
				BUNDLE_LOADER = "$(TEST_HOST)";
				FRAMEWORK_SEARCH_PATHS = (
					"$(SDKROOT)/Developer/Library/Frameworks",
					"$(inherited)",
				);
				GCC_PREPROCESSOR_DEFINITIONS = (
					"DEBUG=1",
					"$(inherited)",
				);
				INFOPLIST_FILE = "Pitch Perfect v2Tests/Info.plist";
				LD_RUNPATH_SEARCH_PATHS = "$(inherited) @executable_path/Frameworks @loader_path/Frameworks";
				PRODUCT_NAME = "$(TARGET_NAME)";
				TEST_HOST = "$(BUILT_PRODUCTS_DIR)/Pitch Perfect v2.app/Pitch Perfect v2";
			};
			name = Debug;
		};
		A3D8E2441AEFF2D500E65159 /* Release */ = {
			isa = XCBuildConfiguration;
			buildSettings = {
				BUNDLE_LOADER = "$(TEST_HOST)";
				FRAMEWORK_SEARCH_PATHS = (
					"$(SDKROOT)/Developer/Library/Frameworks",
					"$(inherited)",
				);
				INFOPLIST_FILE = "Pitch Perfect v2Tests/Info.plist";
				LD_RUNPATH_SEARCH_PATHS = "$(inherited) @executable_path/Frameworks @loader_path/Frameworks";
				PRODUCT_NAME = "$(TARGET_NAME)";
				TEST_HOST = "$(BUILT_PRODUCTS_DIR)/Pitch Perfect v2.app/Pitch Perfect v2";
			};
			name = Release;
		};
/* End XCBuildConfiguration section */

/* Begin XCConfigurationList section */
		A3D8E21B1AEFF2D500E65159 /* Build configuration list for PBXProject "Pitch Perfect v2" */ = {
			isa = XCConfigurationList;
			buildConfigurations = (
				A3D8E23D1AEFF2D500E65159 /* Debug */,
				A3D8E23E1AEFF2D500E65159 /* Release */,
			);
			defaultConfigurationIsVisible = 0;
			defaultConfigurationName = Release;
		};
		A3D8E23F1AEFF2D500E65159 /* Build configuration list for PBXNativeTarget "Pitch Perfect v2" */ = {
			isa = XCConfigurationList;
			buildConfigurations = (
				A3D8E2401AEFF2D500E65159 /* Debug */,
				A3D8E2411AEFF2D500E65159 /* Release */,
			);
			defaultConfigurationIsVisible = 0;
			defaultConfigurationName = Release;
		};
		A3D8E2421AEFF2D500E65159 /* Build configuration list for PBXNativeTarget "Pitch Perfect v2Tests" */ = {
			isa = XCConfigurationList;
			buildConfigurations = (
				A3D8E2431AEFF2D500E65159 /* Debug */,
				A3D8E2441AEFF2D500E65159 /* Release */,
			);
			defaultConfigurationIsVisible = 0;
			defaultConfigurationName = Release;
		};
/* End XCConfigurationList section */
	};
	rootObject = A3D8E2181AEFF2D500E65159 /* Project object */;
}
